# generated by rye
# use `rye lock` or `rye sync` to update this lockfile
#
# last locked with the following flags:
#   pre: false
#   features: []
#   all-features: false
#   with-sources: false

-e file:.
blinker==1.8.2
    # via flask
cachelib==0.9.0
    # via flask-caching
certifi==2024.2.2
    # via requests
charset-normalizer==3.3.2
    # via requests
click==8.1.7
    # via flask
flask==3.0.3
    # via flask-caching
    # via spotify-readme
flask-caching==2.3.0
    # via spotify-readme
idna==3.7
    # via requests
itsdangerous==2.2.0
    # via flask
jinja2==3.1.4
    # via flask
markupsafe==2.1.5
    # via jinja2
    # via werkzeug
python-dotenv==1.0.1
    # via spotify-readme
requests==2.32.2
    # via spotify-readme
urllib3==2.2.1
    # via requests
werkzeug==3.0.3
    # via flask
